
Microsoft Visual Studio Solution File, Format Version 12.00
# Visual Studio Version 16
VisualStudioVersion = 16.0.32002.261
MinimumVisualStudioVersion = 10.0.40219.1
Project("{FAE04EC0-301F-11D3-BF4B-00C04F79EFBC}") = "MVCWebAppUsingADO", "MVCWebAppUsingADO\MVCWebAppUsingADO.csproj", "{5D126761-2207-4B87-B697-4D97B4E6B69C}"
EndProject
Global
	GlobalSection(SolutionConfigurationPlatforms) = preSolution
		Debug|Any CPU = Debug|Any CPU
		Release|Any CPU = Release|Any CPU
	EndGlobalSection
	GlobalSection(ProjectConfigurationPlatforms) = postSolution
		{5D126761-2207-4B87-B697-4D97B4E6B69C}.Debug|Any CPU.ActiveCfg = Debug|Any CPU
		{5D126761-2207-4B87-B697-4D97B4E6B69C}.Debug|Any CPU.Build.0 = Debug|Any CPU
		{5D126761-2207-4B87-B697-4D97B4E6B69C}.Release|Any CPU.ActiveCfg = Release|Any CPU
		{5D126761-2207-4B87-B697-4D97B4E6B69C}.Release|Any CPU.Build.0 = Release|Any CPU
	EndGlobalSection
	GlobalSection(SolutionProperties) = preSolution
		HideSolutionNode = FALSE
	EndGlobalSection
	GlobalSection(ExtensibilityGlobals) = postSolution
		SolutionGuid = {E51A6E35-BF25-4BC8-97DF-F1F2ED27A8D0}
	EndGlobalSection
EndGlobal
